
Microsoft Visual Studio Solution File, Format Version 12.00
# Visual Studio Version 17
VisualStudioVersion = 17.5.33502.453
MinimumVisualStudioVersion = 10.0.40219.1
Project("{FAE04EC0-301F-11D3-BF4B-00C04F79EFBC}") = "BankManagement", "BankManagementt\BankManagement.csproj", "{239ABBF5-525C-41A7-956C-A49569613D14}"
EndProject
Global
	GlobalSection(SolutionConfigurationPlatforms) = preSolution
		Debug|Any CPU = Debug|Any CPU
		Release|Any CPU = Release|Any CPU
	EndGlobalSection
	GlobalSection(ProjectConfigurationPlatforms) = postSolution
		{239ABBF5-525C-41A7-956C-A49569613D14}.Debug|Any CPU.ActiveCfg = Debug|Any CPU
		{239ABBF5-525C-41A7-956C-A49569613D14}.Debug|Any CPU.Build.0 = Debug|Any CPU
		{239ABBF5-525C-41A7-956C-A49569613D14}.Release|Any CPU.ActiveCfg = Release|Any CPU
		{239ABBF5-525C-41A7-956C-A49569613D14}.Release|Any CPU.Build.0 = Release|Any CPU
	EndGlobalSection
	GlobalSection(SolutionProperties) = preSolution
		HideSolutionNode = FALSE
	EndGlobalSection
	GlobalSection(ExtensibilityGlobals) = postSolution
		SolutionGuid = {9863C7C4-4D53-451E-BAB2-AD5B6FCBCBE0}
	EndGlobalSection
EndGlobal
